
Microsoft Visual Studio Solution File, Format Version 12.00
# Visual Studio Version 16
VisualStudioVersion = 25.0.1705.3
MinimumVisualStudioVersion = 10.0.40219.1
Project("{FAE04EC0-301F-11D3-BF4B-00C04F79EFBC}") = "Notes", "Notes.csproj", "{C3073DF4-637E-439D-9716-A726D3D9A6CD}"
EndProject
Project("{FAE04EC0-301F-11D3-BF4B-00C04F79EFBC}") = "DataLayer", "..\DataLayer\DataLayer.csproj", "{D1A35F9F-6089-4B78-B095-3BA0C60F99B6}"
EndProject
Project("{FAE04EC0-301F-11D3-BF4B-00C04F79EFBC}") = "BusinessLayer", "BusinessLayer\BusinessLayer.csproj", "{08729C6E-9383-4917-BEAA-72E331EAB85E}"
EndProject
Global
	GlobalSection(SolutionConfigurationPlatforms) = preSolution
		Debug|Any CPU = Debug|Any CPU
		Release|Any CPU = Release|Any CPU
	EndGlobalSection
	GlobalSection(ProjectConfigurationPlatforms) = postSolution
		{C3073DF4-637E-439D-9716-A726D3D9A6CD}.Debug|Any CPU.ActiveCfg = Debug|Any CPU
		{C3073DF4-637E-439D-9716-A726D3D9A6CD}.Debug|Any CPU.Build.0 = Debug|Any CPU
		{C3073DF4-637E-439D-9716-A726D3D9A6CD}.Release|Any CPU.ActiveCfg = Release|Any CPU
		{C3073DF4-637E-439D-9716-A726D3D9A6CD}.Release|Any CPU.Build.0 = Release|Any CPU
		{D1A35F9F-6089-4B78-B095-3BA0C60F99B6}.Debug|Any CPU.ActiveCfg = Debug|Any CPU
		{D1A35F9F-6089-4B78-B095-3BA0C60F99B6}.Debug|Any CPU.Build.0 = Debug|Any CPU
		{D1A35F9F-6089-4B78-B095-3BA0C60F99B6}.Release|Any CPU.ActiveCfg = Release|Any CPU
		{D1A35F9F-6089-4B78-B095-3BA0C60F99B6}.Release|Any CPU.Build.0 = Release|Any CPU
		{08729C6E-9383-4917-BEAA-72E331EAB85E}.Debug|Any CPU.ActiveCfg = Debug|Any CPU
		{08729C6E-9383-4917-BEAA-72E331EAB85E}.Debug|Any CPU.Build.0 = Debug|Any CPU
		{08729C6E-9383-4917-BEAA-72E331EAB85E}.Release|Any CPU.ActiveCfg = Release|Any CPU
		{08729C6E-9383-4917-BEAA-72E331EAB85E}.Release|Any CPU.Build.0 = Release|Any CPU
	EndGlobalSection
	GlobalSection(SolutionProperties) = preSolution
		HideSolutionNode = FALSE
	EndGlobalSection
	GlobalSection(ExtensibilityGlobals) = postSolution
		SolutionGuid = {35EEE1B1-FA80-44AE-BA93-ABFA94E0B794}
	EndGlobalSection
EndGlobal
